
Microsoft Visual Studio Solution File, Format Version 12.00
# Visual Studio 14
VisualStudioVersion = 14.0.25123.0
MinimumVisualStudioVersion = 10.0.40219.1
Project("{FAE04EC0-301F-11D3-BF4B-00C04F79EFBC}") = "Generator.Bind", "src\Generator.Bind\Generator.Bind.csproj", "{31D19132-0000-0000-0000-000000000000}"
EndProject
Project("{FAE04EC0-301F-11D3-BF4B-00C04F79EFBC}") = "Generator.Convert", "src\Generator.Converter\Generator.Convert.csproj", "{5FDFF4B6-0000-0000-0000-000000000000}"
EndProject
Project("{FAE04EC0-301F-11D3-BF4B-00C04F79EFBC}") = "Generator.Rewrite", "src\Generator.Rewrite\Generator.Rewrite.csproj", "{C426C9D1-8857-4E52-BAC7-4C05EE6070AB}"
EndProject
Project("{FAE04EC0-301F-11D3-BF4B-00C04F79EFBC}") = "osuTK.NS20", "src\osuTK\osuTK.NS20.csproj", "{71896DEF-4479-4264-A3C2-706AC824FB16}"
EndProject
Project("{FAE04EC0-301F-11D3-BF4B-00C04F79EFBC}") = "osuTK.Android", "src\osuTK.Android\osuTK.Android.csproj", "{ADAE6EC9-5E86-4922-AC09-90F7CE8008A8}"
EndProject
Project("{FAE04EC0-301F-11D3-BF4B-00C04F79EFBC}") = "osuTK.iOS", "src\osuTK.iOS\osuTK.iOS.csproj", "{41D0EF74-194E-4B0B-910D-440A7A38DFBD}"
EndProject
Global
	GlobalSection(SolutionConfigurationPlatforms) = preSolution
		Debug|Any CPU = Debug|Any CPU
		Release|Any CPU = Release|Any CPU
	EndGlobalSection
	GlobalSection(ProjectConfigurationPlatforms) = postSolution
		{31D19132-0000-0000-0000-000000000000}.Debug|Any CPU.ActiveCfg = Debug|Any CPU
		{31D19132-0000-0000-0000-000000000000}.Debug|Any CPU.Build.0 = Debug|Any CPU
		{31D19132-0000-0000-0000-000000000000}.Release|Any CPU.ActiveCfg = Release|Any CPU
		{31D19132-0000-0000-0000-000000000000}.Release|Any CPU.Build.0 = Release|Any CPU
		{5FDFF4B6-0000-0000-0000-000000000000}.Debug|Any CPU.ActiveCfg = Debug|Any CPU
		{5FDFF4B6-0000-0000-0000-000000000000}.Debug|Any CPU.Build.0 = Debug|Any CPU
		{5FDFF4B6-0000-0000-0000-000000000000}.Release|Any CPU.ActiveCfg = Release|Any CPU
		{5FDFF4B6-0000-0000-0000-000000000000}.Release|Any CPU.Build.0 = Release|Any CPU
		{C426C9D1-8857-4E52-BAC7-4C05EE6070AB}.Debug|Any CPU.ActiveCfg = Debug|Any CPU
		{C426C9D1-8857-4E52-BAC7-4C05EE6070AB}.Debug|Any CPU.Build.0 = Debug|Any CPU
		{C426C9D1-8857-4E52-BAC7-4C05EE6070AB}.Release|Any CPU.ActiveCfg = Release|Any CPU
		{C426C9D1-8857-4E52-BAC7-4C05EE6070AB}.Release|Any CPU.Build.0 = Release|Any CPU
		{71896DEF-4479-4264-A3C2-706AC824FB16}.Debug|Any CPU.ActiveCfg = Debug|Any CPU
		{71896DEF-4479-4264-A3C2-706AC824FB16}.Debug|Any CPU.Build.0 = Debug|Any CPU
		{71896DEF-4479-4264-A3C2-706AC824FB16}.Release|Any CPU.ActiveCfg = Release|Any CPU
		{71896DEF-4479-4264-A3C2-706AC824FB16}.Release|Any CPU.Build.0 = Release|Any CPU
		{ADAE6EC9-5E86-4922-AC09-90F7CE8008A8}.Debug|Any CPU.ActiveCfg = Debug|Any CPU
		{ADAE6EC9-5E86-4922-AC09-90F7CE8008A8}.Debug|Any CPU.Build.0 = Debug|Any CPU
		{ADAE6EC9-5E86-4922-AC09-90F7CE8008A8}.Release|Any CPU.ActiveCfg = Release|Any CPU
		{ADAE6EC9-5E86-4922-AC09-90F7CE8008A8}.Release|Any CPU.Build.0 = Release|Any CPU
		{41D0EF74-194E-4B0B-910D-440A7A38DFBD}.Debug|Any CPU.ActiveCfg = Debug|Any CPU
		{41D0EF74-194E-4B0B-910D-440A7A38DFBD}.Debug|Any CPU.Build.0 = Debug|Any CPU
		{41D0EF74-194E-4B0B-910D-440A7A38DFBD}.Release|Any CPU.ActiveCfg = Release|Any CPU
		{41D0EF74-194E-4B0B-910D-440A7A38DFBD}.Release|Any CPU.Build.0 = Release|Any CPU
		{79F16DF9-0C9F-46DC-B83D-F9D8A28F1C2A}.Debug|Any CPU.ActiveCfg = Debug|Any CPU
		{79F16DF9-0C9F-46DC-B83D-F9D8A28F1C2A}.Debug|Any CPU.Build.0 = Debug|Any CPU
		{79F16DF9-0C9F-46DC-B83D-F9D8A28F1C2A}.Release|Any CPU.ActiveCfg = Release|Any CPU
		{79F16DF9-0C9F-46DC-B83D-F9D8A28F1C2A}.Release|Any CPU.Build.0 = Release|Any CPU
		{23110598-EB45-4D97-899E-647735A660CA}.Debug|Any CPU.ActiveCfg = Debug|Any CPU
		{23110598-EB45-4D97-899E-647735A660CA}.Debug|Any CPU.Build.0 = Debug|Any CPU
		{23110598-EB45-4D97-899E-647735A660CA}.Release|Any CPU.ActiveCfg = Release|Any CPU
		{23110598-EB45-4D97-899E-647735A660CA}.Release|Any CPU.Build.0 = Release|Any CPU
	EndGlobalSection
	GlobalSection(SolutionProperties) = preSolution
		HideSolutionNode = FALSE
	EndGlobalSection
	GlobalSection(NestedProjects) = preSolution
	EndGlobalSection
EndGlobal
